
Microsoft Visual Studio Solution File, Format Version 12.00
# Visual Studio Version 17
VisualStudioVersion = 17.0.31903.59
MinimumVisualStudioVersion = 10.0.40219.1
Project("{FAE04EC0-301F-11D3-BF4B-00C04F79EFBC}") = "Office_Console_App", "Office_Console_App\Office_Console_App.csproj", "{EC594513-9DA7-4545-B390-5AFFB3332F1F}"
EndProject
Global
	GlobalSection(SolutionConfigurationPlatforms) = preSolution
		Debug|Any CPU = Debug|Any CPU
		Release|Any CPU = Release|Any CPU
	EndGlobalSection
	GlobalSection(ProjectConfigurationPlatforms) = postSolution
		{EC594513-9DA7-4545-B390-5AFFB3332F1F}.Debug|Any CPU.ActiveCfg = Debug|Any CPU
		{EC594513-9DA7-4545-B390-5AFFB3332F1F}.Debug|Any CPU.Build.0 = Debug|Any CPU
		{EC594513-9DA7-4545-B390-5AFFB3332F1F}.Release|Any CPU.ActiveCfg = Release|Any CPU
		{EC594513-9DA7-4545-B390-5AFFB3332F1F}.Release|Any CPU.Build.0 = Release|Any CPU
	EndGlobalSection
	GlobalSection(SolutionProperties) = preSolution
		HideSolutionNode = FALSE
	EndGlobalSection
	GlobalSection(ExtensibilityGlobals) = postSolution
		SolutionGuid = {51B97CB4-42A9-4883-AACC-4A7FFF43D997}
	EndGlobalSection
EndGlobal
